
Microsoft Visual Studio Solution File, Format Version 12.00
# Visual Studio 14
VisualStudioVersion = 14.0.23107.0
MinimumVisualStudioVersion = 10.0.40219.1
Project("{2150E333-8FDC-42A3-9474-1A3956D46DE8}") = "Data", "Data", "{664CAD8E-AD40-4EF4-8C18-54EECEB92BD1}"
EndProject
Project("{2150E333-8FDC-42A3-9474-1A3956D46DE8}") = "Business", "Business", "{6B512EE3-932F-46AA-9F53-598606AEC68A}"
EndProject
Project("{2150E333-8FDC-42A3-9474-1A3956D46DE8}") = "Services", "Services", "{D2A81E36-7365-4338-BEE2-0DFA70B29DF6}"
EndProject
Project("{2150E333-8FDC-42A3-9474-1A3956D46DE8}") = "Presentation", "Presentation", "{7F9349B5-1108-4853-84E2-1616221F2B9F}"
EndProject
Project("{2150E333-8FDC-42A3-9474-1A3956D46DE8}") = "Hosts", "Hosts", "{6EC8A1DF-FB2B-49F9-9ACD-E1606360D6CA}"
EndProject
Project("{2150E333-8FDC-42A3-9474-1A3956D46DE8}") = "Shared", "Shared", "{1434453E-E49D-47D6-BC73-51B15256AB1B}"
EndProject
Project("{2150E333-8FDC-42A3-9474-1A3956D46DE8}") = "Tests", "Tests", "{4C0414C1-BA3A-4559-BE7B-08AB9705B219}"
EndProject
Project("{2150E333-8FDC-42A3-9474-1A3956D46DE8}") = "Architecture", "Architecture", "{218C2483-A6A2-4FEC-85FD-5EBFD59E0C82}"
EndProject
Project("{FAE04EC0-301F-11D3-BF4B-00C04F79EFBC}") = "CMdm.Business", "Business\CMdm.Business\CMdm.Business.csproj", "{EA3F582B-5906-482E-A375-28F1B0381AC7}"
EndProject
Project("{FAE04EC0-301F-11D3-BF4B-00C04F79EFBC}") = "CMdm.Workflows", "Business\CMdm.Workflows\CMdm.Workflows.csproj", "{4B2CB110-6A3D-4466-9EE9-E52C01103312}"
EndProject
Project("{FAE04EC0-301F-11D3-BF4B-00C04F79EFBC}") = "CMdm.Workflows.Activities", "Business\CMdm.Workflows.Activities\CMdm.Workflows.Activities.csproj", "{5C604FB8-9ECA-4A2D-9FEC-4732A352C979}"
EndProject
Project("{FAE04EC0-301F-11D3-BF4B-00C04F79EFBC}") = "CMdm.Workflows.Designers", "Business\CMdm.Workflows.Designers\CMdm.Workflows.Designers.csproj", "{0152DD32-85E9-4BD6-B877-FA878C5D960F}"
EndProject
Project("{F088123C-0E9E-452A-89E6-6BA2F21D5CAC}") = "CMdm.Modeling", "Architecture\CMdm.Modeling\CMdm.Modeling.modelproj", "{C3C65790-142F-48EA-8CBB-C7883453A29D}"
EndProject
Project("{FAE04EC0-301F-11D3-BF4B-00C04F79EFBC}") = "CMdm.Data", "Data\CMdm.Data\CMdm.Data.csproj", "{634C7996-9D6A-4709-A56E-C93C37D790BC}"
EndProject
Project("{FAE04EC0-301F-11D3-BF4B-00C04F79EFBC}") = "CMdm.Data.Agents", "Data\CMdm.Data.Agents\CMdm.Data.Agents.csproj", "{DE446305-F4C1-49EA-9D73-96F01407A004}"
EndProject
Project("{00D1A9C2-B5F0-4AF3-8072-F6C62B433612}") = "CMdm.Database", "Data\CMdm.Database\CMdm.Database.sqlproj", "{222DFD85-13AD-467A-8460-15B08EA43EFE}"
EndProject
Project("{FAE04EC0-301F-11D3-BF4B-00C04F79EFBC}") = "CMdm.Hosts.Web", "Hosts\CMdm.Hosts.Web\CMdm.Hosts.Web.csproj", "{B7C9795D-FDF9-411C-902A-5A2DB830526C}"
EndProject
Project("{FAE04EC0-301F-11D3-BF4B-00C04F79EFBC}") = "CMdm.Services", "Services\CMdm.Services\CMdm.Services.csproj", "{CAFA0C53-39A3-47C3-98C9-CA905D4D5A68}"
EndProject
Project("{FAE04EC0-301F-11D3-BF4B-00C04F79EFBC}") = "CMdm.Services.Contracts", "Services\CMdm.Services.Contracts\CMdm.Services.Contracts.csproj", "{C675A12B-76AC-4347-B2E0-AB9EF6AD39C1}"
EndProject
Project("{FAE04EC0-301F-11D3-BF4B-00C04F79EFBC}") = "CMdm.Framework", "Shared\CMdm.Framework\CMdm.Framework.csproj", "{FDA3FF46-9864-481C-A160-4222AB622DD9}"
EndProject
Project("{FAE04EC0-301F-11D3-BF4B-00C04F79EFBC}") = "CMdm.Entities", "Shared\CMdmi.Entities\CMdm.Entities.csproj", "{A75108F2-71A2-4CDB-924F-F98D31A7EFD5}"
EndProject
Project("{FAE04EC0-301F-11D3-BF4B-00C04F79EFBC}") = "CMdm.Test", "Tests\CMdm.Test\CMdm.Test.csproj", "{7A0C90F9-67A4-4788-83DB-3CA714E3CD30}"
EndProject
Project("{FAE04EC0-301F-11D3-BF4B-00C04F79EFBC}") = "CMdm.UI.Process", "Presentation\CMdm.UI.Process\CMdm.UI.Process.csproj", "{1E2D609D-1A57-4EE1-9DE8-D06893345329}"
EndProject
Project("{FAE04EC0-301F-11D3-BF4B-00C04F79EFBC}") = "CMdm.UI.Web", "Presentation\CMdm.UI.Web\CMdm.UI.Web.csproj", "{2AD3ACB9-AE01-4AA2-8B82-A06137109700}"
EndProject
Project("{FAE04EC0-301F-11D3-BF4B-00C04F79EFBC}") = "CMdm.Core", "Shared\CMdm.Core\CMdm.Core.csproj", "{C2EE2738-0AC8-4A7A-A737-0EF76AE9ED72}"
EndProject
Global
	GlobalSection(SolutionConfigurationPlatforms) = preSolution
		Debug|Any CPU = Debug|Any CPU
		Release|Any CPU = Release|Any CPU
	EndGlobalSection
	GlobalSection(ProjectConfigurationPlatforms) = postSolution
		{EA3F582B-5906-482E-A375-28F1B0381AC7}.Debug|Any CPU.ActiveCfg = Debug|Any CPU
		{EA3F582B-5906-482E-A375-28F1B0381AC7}.Debug|Any CPU.Build.0 = Debug|Any CPU
		{EA3F582B-5906-482E-A375-28F1B0381AC7}.Release|Any CPU.ActiveCfg = Release|Any CPU
		{EA3F582B-5906-482E-A375-28F1B0381AC7}.Release|Any CPU.Build.0 = Release|Any CPU
		{4B2CB110-6A3D-4466-9EE9-E52C01103312}.Debug|Any CPU.ActiveCfg = Debug|Any CPU
		{4B2CB110-6A3D-4466-9EE9-E52C01103312}.Debug|Any CPU.Build.0 = Debug|Any CPU
		{4B2CB110-6A3D-4466-9EE9-E52C01103312}.Release|Any CPU.ActiveCfg = Release|Any CPU
		{4B2CB110-6A3D-4466-9EE9-E52C01103312}.Release|Any CPU.Build.0 = Release|Any CPU
		{5C604FB8-9ECA-4A2D-9FEC-4732A352C979}.Debug|Any CPU.ActiveCfg = Debug|Any CPU
		{5C604FB8-9ECA-4A2D-9FEC-4732A352C979}.Debug|Any CPU.Build.0 = Debug|Any CPU
		{5C604FB8-9ECA-4A2D-9FEC-4732A352C979}.Release|Any CPU.ActiveCfg = Release|Any CPU
		{5C604FB8-9ECA-4A2D-9FEC-4732A352C979}.Release|Any CPU.Build.0 = Release|Any CPU
		{0152DD32-85E9-4BD6-B877-FA878C5D960F}.Debug|Any CPU.ActiveCfg = Debug|Any CPU
		{0152DD32-85E9-4BD6-B877-FA878C5D960F}.Debug|Any CPU.Build.0 = Debug|Any CPU
		{0152DD32-85E9-4BD6-B877-FA878C5D960F}.Release|Any CPU.ActiveCfg = Release|Any CPU
		{0152DD32-85E9-4BD6-B877-FA878C5D960F}.Release|Any CPU.Build.0 = Release|Any CPU
		{C3C65790-142F-48EA-8CBB-C7883453A29D}.Debug|Any CPU.ActiveCfg = Debug|Any CPU
		{C3C65790-142F-48EA-8CBB-C7883453A29D}.Debug|Any CPU.Build.0 = Debug|Any CPU
		{C3C65790-142F-48EA-8CBB-C7883453A29D}.Release|Any CPU.ActiveCfg = Release|Any CPU
		{C3C65790-142F-48EA-8CBB-C7883453A29D}.Release|Any CPU.Build.0 = Release|Any CPU
		{634C7996-9D6A-4709-A56E-C93C37D790BC}.Debug|Any CPU.ActiveCfg = Debug|Any CPU
		{634C7996-9D6A-4709-A56E-C93C37D790BC}.Debug|Any CPU.Build.0 = Debug|Any CPU
		{634C7996-9D6A-4709-A56E-C93C37D790BC}.Release|Any CPU.ActiveCfg = Release|Any CPU
		{634C7996-9D6A-4709-A56E-C93C37D790BC}.Release|Any CPU.Build.0 = Release|Any CPU
		{DE446305-F4C1-49EA-9D73-96F01407A004}.Debug|Any CPU.ActiveCfg = Debug|Any CPU
		{DE446305-F4C1-49EA-9D73-96F01407A004}.Debug|Any CPU.Build.0 = Debug|Any CPU
		{DE446305-F4C1-49EA-9D73-96F01407A004}.Release|Any CPU.ActiveCfg = Release|Any CPU
		{DE446305-F4C1-49EA-9D73-96F01407A004}.Release|Any CPU.Build.0 = Release|Any CPU
		{222DFD85-13AD-467A-8460-15B08EA43EFE}.Debug|Any CPU.ActiveCfg = Debug|Any CPU
		{222DFD85-13AD-467A-8460-15B08EA43EFE}.Debug|Any CPU.Build.0 = Debug|Any CPU
		{222DFD85-13AD-467A-8460-15B08EA43EFE}.Debug|Any CPU.Deploy.0 = Debug|Any CPU
		{222DFD85-13AD-467A-8460-15B08EA43EFE}.Release|Any CPU.ActiveCfg = Release|Any CPU
		{222DFD85-13AD-467A-8460-15B08EA43EFE}.Release|Any CPU.Build.0 = Release|Any CPU
		{222DFD85-13AD-467A-8460-15B08EA43EFE}.Release|Any CPU.Deploy.0 = Release|Any CPU
		{B7C9795D-FDF9-411C-902A-5A2DB830526C}.Debug|Any CPU.ActiveCfg = Debug|Any CPU
		{B7C9795D-FDF9-411C-902A-5A2DB830526C}.Debug|Any CPU.Build.0 = Debug|Any CPU
		{B7C9795D-FDF9-411C-902A-5A2DB830526C}.Release|Any CPU.ActiveCfg = Release|Any CPU
		{B7C9795D-FDF9-411C-902A-5A2DB830526C}.Release|Any CPU.Build.0 = Release|Any CPU
		{CAFA0C53-39A3-47C3-98C9-CA905D4D5A68}.Debug|Any CPU.ActiveCfg = Debug|Any CPU
		{CAFA0C53-39A3-47C3-98C9-CA905D4D5A68}.Debug|Any CPU.Build.0 = Debug|Any CPU
		{CAFA0C53-39A3-47C3-98C9-CA905D4D5A68}.Release|Any CPU.ActiveCfg = Release|Any CPU
		{CAFA0C53-39A3-47C3-98C9-CA905D4D5A68}.Release|Any CPU.Build.0 = Release|Any CPU
		{C675A12B-76AC-4347-B2E0-AB9EF6AD39C1}.Debug|Any CPU.ActiveCfg = Debug|Any CPU
		{C675A12B-76AC-4347-B2E0-AB9EF6AD39C1}.Debug|Any CPU.Build.0 = Debug|Any CPU
		{C675A12B-76AC-4347-B2E0-AB9EF6AD39C1}.Release|Any CPU.ActiveCfg = Release|Any CPU
		{C675A12B-76AC-4347-B2E0-AB9EF6AD39C1}.Release|Any CPU.Build.0 = Release|Any CPU
		{FDA3FF46-9864-481C-A160-4222AB622DD9}.Debug|Any CPU.ActiveCfg = Debug|Any CPU
		{FDA3FF46-9864-481C-A160-4222AB622DD9}.Debug|Any CPU.Build.0 = Debug|Any CPU
		{FDA3FF46-9864-481C-A160-4222AB622DD9}.Release|Any CPU.ActiveCfg = Release|Any CPU
		{FDA3FF46-9864-481C-A160-4222AB622DD9}.Release|Any CPU.Build.0 = Release|Any CPU
		{A75108F2-71A2-4CDB-924F-F98D31A7EFD5}.Debug|Any CPU.ActiveCfg = Debug|Any CPU
		{A75108F2-71A2-4CDB-924F-F98D31A7EFD5}.Debug|Any CPU.Build.0 = Debug|Any CPU
		{A75108F2-71A2-4CDB-924F-F98D31A7EFD5}.Release|Any CPU.ActiveCfg = Release|Any CPU
		{A75108F2-71A2-4CDB-924F-F98D31A7EFD5}.Release|Any CPU.Build.0 = Release|Any CPU
		{7A0C90F9-67A4-4788-83DB-3CA714E3CD30}.Debug|Any CPU.ActiveCfg = Debug|Any CPU
		{7A0C90F9-67A4-4788-83DB-3CA714E3CD30}.Debug|Any CPU.Build.0 = Debug|Any CPU
		{7A0C90F9-67A4-4788-83DB-3CA714E3CD30}.Release|Any CPU.ActiveCfg = Release|Any CPU
		{7A0C90F9-67A4-4788-83DB-3CA714E3CD30}.Release|Any CPU.Build.0 = Release|Any CPU
		{1E2D609D-1A57-4EE1-9DE8-D06893345329}.Debug|Any CPU.ActiveCfg = Debug|Any CPU
		{1E2D609D-1A57-4EE1-9DE8-D06893345329}.Debug|Any CPU.Build.0 = Debug|Any CPU
		{1E2D609D-1A57-4EE1-9DE8-D06893345329}.Release|Any CPU.ActiveCfg = Release|Any CPU
		{1E2D609D-1A57-4EE1-9DE8-D06893345329}.Release|Any CPU.Build.0 = Release|Any CPU
		{2AD3ACB9-AE01-4AA2-8B82-A06137109700}.Debug|Any CPU.ActiveCfg = Debug|Any CPU
		{2AD3ACB9-AE01-4AA2-8B82-A06137109700}.Debug|Any CPU.Build.0 = Debug|Any CPU
		{2AD3ACB9-AE01-4AA2-8B82-A06137109700}.Release|Any CPU.ActiveCfg = Release|Any CPU
		{2AD3ACB9-AE01-4AA2-8B82-A06137109700}.Release|Any CPU.Build.0 = Release|Any CPU
		{C2EE2738-0AC8-4A7A-A737-0EF76AE9ED72}.Debug|Any CPU.ActiveCfg = Debug|Any CPU
		{C2EE2738-0AC8-4A7A-A737-0EF76AE9ED72}.Debug|Any CPU.Build.0 = Debug|Any CPU
		{C2EE2738-0AC8-4A7A-A737-0EF76AE9ED72}.Release|Any CPU.ActiveCfg = Release|Any CPU
		{C2EE2738-0AC8-4A7A-A737-0EF76AE9ED72}.Release|Any CPU.Build.0 = Release|Any CPU
	EndGlobalSection
	GlobalSection(SolutionProperties) = preSolution
		HideSolutionNode = FALSE
	EndGlobalSection
	GlobalSection(NestedProjects) = preSolution
		{EA3F582B-5906-482E-A375-28F1B0381AC7} = {6B512EE3-932F-46AA-9F53-598606AEC68A}
		{4B2CB110-6A3D-4466-9EE9-E52C01103312} = {6B512EE3-932F-46AA-9F53-598606AEC68A}
		{5C604FB8-9ECA-4A2D-9FEC-4732A352C979} = {6B512EE3-932F-46AA-9F53-598606AEC68A}
		{0152DD32-85E9-4BD6-B877-FA878C5D960F} = {6B512EE3-932F-46AA-9F53-598606AEC68A}
		{C3C65790-142F-48EA-8CBB-C7883453A29D} = {218C2483-A6A2-4FEC-85FD-5EBFD59E0C82}
		{634C7996-9D6A-4709-A56E-C93C37D790BC} = {664CAD8E-AD40-4EF4-8C18-54EECEB92BD1}
		{DE446305-F4C1-49EA-9D73-96F01407A004} = {664CAD8E-AD40-4EF4-8C18-54EECEB92BD1}
		{222DFD85-13AD-467A-8460-15B08EA43EFE} = {664CAD8E-AD40-4EF4-8C18-54EECEB92BD1}
		{B7C9795D-FDF9-411C-902A-5A2DB830526C} = {6EC8A1DF-FB2B-49F9-9ACD-E1606360D6CA}
		{CAFA0C53-39A3-47C3-98C9-CA905D4D5A68} = {D2A81E36-7365-4338-BEE2-0DFA70B29DF6}
		{C675A12B-76AC-4347-B2E0-AB9EF6AD39C1} = {D2A81E36-7365-4338-BEE2-0DFA70B29DF6}
		{FDA3FF46-9864-481C-A160-4222AB622DD9} = {1434453E-E49D-47D6-BC73-51B15256AB1B}
		{A75108F2-71A2-4CDB-924F-F98D31A7EFD5} = {1434453E-E49D-47D6-BC73-51B15256AB1B}
		{7A0C90F9-67A4-4788-83DB-3CA714E3CD30} = {4C0414C1-BA3A-4559-BE7B-08AB9705B219}
		{1E2D609D-1A57-4EE1-9DE8-D06893345329} = {7F9349B5-1108-4853-84E2-1616221F2B9F}
		{2AD3ACB9-AE01-4AA2-8B82-A06137109700} = {7F9349B5-1108-4853-84E2-1616221F2B9F}
		{C2EE2738-0AC8-4A7A-A737-0EF76AE9ED72} = {1434453E-E49D-47D6-BC73-51B15256AB1B}
	EndGlobalSection
EndGlobal
